// !$*UTF8*$!
{
	archiveVersion = 1;
	classes = {
	};
	objectVersion = 77;
	objects = {

/* Begin PBXBuildFile section */
		04A5AD9ED95A6AD2623FA176 /* SnippetsView.swift in Sources */ = {isa = PBXBuildFile; fileRef = 6A70970C86EBBF25352B5C4A /* SnippetsView.swift */; };
		08F6662DD115E5CE99D8A17B /* Host.swift in Sources */ = {isa = PBXBuildFile; fileRef = 15358DBBB798C40D638C49C6 /* Host.swift */; };
		0EDE62539F3016B2584DD396 /* AIService.swift in Sources */ = {isa = PBXBuildFile; fileRef = A9150627FAC9148979D4104F /* AIService.swift */; };
		0F42184394A4A5EE54150207 /* SubscriptionManager.swift in Sources */ = {isa = PBXBuildFile; fileRef = 76C875BE29D9ECC5ECEBCEC3 /* SubscriptionManager.swift */; };
		124ED5A2B66CF2EED5EFE04A /* SmartSSH.xcdatamodeld in Sources */ = {isa = PBXBuildFile; fileRef = 581E166A916CCDB6351564D8 /* SmartSSH.xcdatamodeld */; };
		1718DDF3657C1AB8EDDC2FFE /* SSHManager.swift in Sources */ = {isa = PBXBuildFile; fileRef = 486A81497D7085CBCE3092DC /* SSHManager.swift */; };
		5159CB75FB583358F1DE0476 /* SFTPView.swift in Sources */ = {isa = PBXBuildFile; fileRef = C677A7B6AD248F8139D75C07 /* SFTPView.swift */; };
		5338B4A58AB3619CAB421E6F /* QuickActions.swift in Sources */ = {isa = PBXBuildFile; fileRef = 6EC8D88FAA8117FDC65DD423 /* QuickActions.swift */; };
		5803786DB31E32FD3C42A636 /* Assets.xcassets in Resources */ = {isa = PBXBuildFile; fileRef = 4380E1DFB2DBBCE87D80A4F5 /* Assets.xcassets */; };
		85ECA688F2977DD74775F984 /* SmartSSHUITests.swift in Sources */ = {isa = PBXBuildFile; fileRef = B7F93CA652D810BC204AB70E /* SmartSSHUITests.swift */; };
		913750A3F58DEF8916754D97 /* HostsView.swift in Sources */ = {isa = PBXBuildFile; fileRef = 6CE527E2BD51D01C6993B3C5 /* HostsView.swift */; };
		A169DF63E7875EBA9C18981F /* SubscriptionView.swift in Sources */ = {isa = PBXBuildFile; fileRef = 3216FA080110AB79AB755064 /* SubscriptionView.swift */; };
		B085D50FFFE6038A078AF072 /* SmartSSHApp.swift in Sources */ = {isa = PBXBuildFile; fileRef = A59D54CCC923C3743FC44314 /* SmartSSHApp.swift */; };
		B2291CA835A8EBDDC951D775 /* TerminalView.swift in Sources */ = {isa = PBXBuildFile; fileRef = AFA84B28150C48FABC4D3A7B /* TerminalView.swift */; };
		B2EAEC58AA1438EFD5DDBDC5 /* AddHostView.swift in Sources */ = {isa = PBXBuildFile; fileRef = AA1B42F8E7D2541A8E925604 /* AddHostView.swift */; };
		BD7968D68D105BB1893EE091 /* SFTPClient.swift in Sources */ = {isa = PBXBuildFile; fileRef = F2BA0AE0890F6559685100C6 /* SFTPClient.swift */; };
		DA691BCB2CCFCCA0E7997DC9 /* KeysView.swift in Sources */ = {isa = PBXBuildFile; fileRef = 787BCE4879DBAC889A25DBDE /* KeysView.swift */; };
		E641F4C52CD09E83EAD7D50D /* ContentView.swift in Sources */ = {isa = PBXBuildFile; fileRef = E17170E69DE9D857F586A051 /* ContentView.swift */; };
		EDD0B37A49F9AD6606AD82F1 /* SettingsView.swift in Sources */ = {isa = PBXBuildFile; fileRef = E2B9C6ADCE204DE387906D8A /* SettingsView.swift */; };
		F01DF106172BFAA161183FAB /* SSHClient.swift in Sources */ = {isa = PBXBuildFile; fileRef = 617A837FE0FCF7161EDD79BA /* SSHClient.swift */; };
		FCC824B7C354D564085F043A /* DataController.swift in Sources */ = {isa = PBXBuildFile; fileRef = 17160867D25F63BDD868E578 /* DataController.swift */; };
/* End PBXBuildFile section */

/* Begin PBXContainerItemProxy section */
		33E47A2C84BAF3F4ACD3121E /* PBXContainerItemProxy */ = {
			isa = PBXContainerItemProxy;
			containerPortal = 1DD9AC2CE8BD1407067BAA4E /* Project object */;
			proxyType = 1;
			remoteGlobalIDString = 737CD2AC016F1834B1939088;
			remoteInfo = SmartSSH;
		};
/* End PBXContainerItemProxy section */

/* Begin PBXFileReference section */
		15358DBBB798C40D638C49C6 /* Host.swift */ = {isa = PBXFileReference; lastKnownFileType = sourcecode.swift; path = Host.swift; sourceTree = "<group>"; };
		17160867D25F63BDD868E578 /* DataController.swift */ = {isa = PBXFileReference; lastKnownFileType = sourcecode.swift; path = DataController.swift; sourceTree = "<group>"; };
		3216FA080110AB79AB755064 /* SubscriptionView.swift */ = {isa = PBXFileReference; lastKnownFileType = sourcecode.swift; path = SubscriptionView.swift; sourceTree = "<group>"; };
		335839EE383DB337482E8C13 /* SmartSSH.xcdatamodel */ = {isa = PBXFileReference; lastKnownFileType = wrapper.xcdatamodel; path = SmartSSH.xcdatamodel; sourceTree = "<group>"; };
		4380E1DFB2DBBCE87D80A4F5 /* Assets.xcassets */ = {isa = PBXFileReference; lastKnownFileType = folder.assetcatalog; path = Assets.xcassets; sourceTree = "<group>"; };
		486A81497D7085CBCE3092DC /* SSHManager.swift */ = {isa = PBXFileReference; lastKnownFileType = sourcecode.swift; path = SSHManager.swift; sourceTree = "<group>"; };
		617A837FE0FCF7161EDD79BA /* SSHClient.swift */ = {isa = PBXFileReference; lastKnownFileType = sourcecode.swift; path = SSHClient.swift; sourceTree = "<group>"; };
		6A70970C86EBBF25352B5C4A /* SnippetsView.swift */ = {isa = PBXFileReference; lastKnownFileType = sourcecode.swift; path = SnippetsView.swift; sourceTree = "<group>"; };
		6CE527E2BD51D01C6993B3C5 /* HostsView.swift */ = {isa = PBXFileReference; lastKnownFileType = sourcecode.swift; path = HostsView.swift; sourceTree = "<group>"; };
		6EC8D88FAA8117FDC65DD423 /* QuickActions.swift */ = {isa = PBXFileReference; lastKnownFileType = sourcecode.swift; path = QuickActions.swift; sourceTree = "<group>"; };
		76C875BE29D9ECC5ECEBCEC3 /* SubscriptionManager.swift */ = {isa = PBXFileReference; lastKnownFileType = sourcecode.swift; path = SubscriptionManager.swift; sourceTree = "<group>"; };
		787BCE4879DBAC889A25DBDE /* KeysView.swift */ = {isa = PBXFileReference; lastKnownFileType = sourcecode.swift; path = KeysView.swift; sourceTree = "<group>"; };
		7FC07013A08CD577CDDEA223 /* SmartSSHUITests.xctest */ = {isa = PBXFileReference; includeInIndex = 0; lastKnownFileType = wrapper.cfbundle; path = SmartSSHUITests.xctest; sourceTree = BUILT_PRODUCTS_DIR; };
		A59D54CCC923C3743FC44314 /* SmartSSHApp.swift */ = {isa = PBXFileReference; lastKnownFileType = sourcecode.swift; path = SmartSSHApp.swift; sourceTree = "<group>"; };
		A9150627FAC9148979D4104F /* AIService.swift */ = {isa = PBXFileReference; lastKnownFileType = sourcecode.swift; path = AIService.swift; sourceTree = "<group>"; };
		AA1B42F8E7D2541A8E925604 /* AddHostView.swift */ = {isa = PBXFileReference; lastKnownFileType = sourcecode.swift; path = AddHostView.swift; sourceTree = "<group>"; };
		AFA84B28150C48FABC4D3A7B /* TerminalView.swift */ = {isa = PBXFileReference; lastKnownFileType = sourcecode.swift; path = TerminalView.swift; sourceTree = "<group>"; };
		B7F93CA652D810BC204AB70E /* SmartSSHUITests.swift */ = {isa = PBXFileReference; lastKnownFileType = sourcecode.swift; path = SmartSSHUITests.swift; sourceTree = "<group>"; };
		BD628CF966BE60A9B6C3EE3C /* SmartSSH.entitlements */ = {isa = PBXFileReference; lastKnownFileType = text.plist.entitlements; path = SmartSSH.entitlements; sourceTree = "<group>"; };
		C4CD41535775A0408DD270A7 /* SmartSSH.app */ = {isa = PBXFileReference; includeInIndex = 0; lastKnownFileType = wrapper.application; path = SmartSSH.app; sourceTree = BUILT_PRODUCTS_DIR; };
		C677A7B6AD248F8139D75C07 /* SFTPView.swift */ = {isa = PBXFileReference; lastKnownFileType = sourcecode.swift; path = SFTPView.swift; sourceTree = "<group>"; };
		E17170E69DE9D857F586A051 /* ContentView.swift */ = {isa = PBXFileReference; lastKnownFileType = sourcecode.swift; path = ContentView.swift; sourceTree = "<group>"; };
		E2B9C6ADCE204DE387906D8A /* SettingsView.swift */ = {isa = PBXFileReference; lastKnownFileType = sourcecode.swift; path = SettingsView.swift; sourceTree = "<group>"; };
		EE03D49CAE0F42A600354157 /* Info.plist */ = {isa = PBXFileReference; lastKnownFileType = text.plist; path = Info.plist; sourceTree = "<group>"; };
		F2BA0AE0890F6559685100C6 /* SFTPClient.swift */ = {isa = PBXFileReference; lastKnownFileType = sourcecode.swift; path = SFTPClient.swift; sourceTree = "<group>"; };
/* End PBXFileReference section */

/* Begin PBXGroup section */
		013944B4CB6106100F850897 /* ViewModels */ = {
			isa = PBXGroup;
			children = (
			);
			path = ViewModels;
			sourceTree = "<group>";
		};
		0896D94ADE82DD1B9666E419 /* SmartSSHUITests */ = {
			isa = PBXGroup;
			children = (
				B7F93CA652D810BC204AB70E /* SmartSSHUITests.swift */,
			);
			path = SmartSSHUITests;
			sourceTree = "<group>";
		};
		2713A0CA44092831D5269171 /* Views */ = {
			isa = PBXGroup;
			children = (
				AA1B42F8E7D2541A8E925604 /* AddHostView.swift */,
				E17170E69DE9D857F586A051 /* ContentView.swift */,
				6CE527E2BD51D01C6993B3C5 /* HostsView.swift */,
				787BCE4879DBAC889A25DBDE /* KeysView.swift */,
				E2B9C6ADCE204DE387906D8A /* SettingsView.swift */,
				C677A7B6AD248F8139D75C07 /* SFTPView.swift */,
				6A70970C86EBBF25352B5C4A /* SnippetsView.swift */,
				3216FA080110AB79AB755064 /* SubscriptionView.swift */,
				AFA84B28150C48FABC4D3A7B /* TerminalView.swift */,
			);
			path = Views;
			sourceTree = "<group>";
		};
		376503470C8EBD84655F6ED0 = {
			isa = PBXGroup;
			children = (
				C6BF868A7C5DDC1BD5A12B0A /* SmartSSH */,
				0896D94ADE82DD1B9666E419 /* SmartSSHUITests */,
				4BAA6454198BA635BF121E15 /* Products */,
			);
			sourceTree = "<group>";
		};
		3C03FBACB4ED64D251BC4E77 /* Services */ = {
			isa = PBXGroup;
			children = (
				A9150627FAC9148979D4104F /* AIService.swift */,
				17160867D25F63BDD868E578 /* DataController.swift */,
				F2BA0AE0890F6559685100C6 /* SFTPClient.swift */,
				617A837FE0FCF7161EDD79BA /* SSHClient.swift */,
				486A81497D7085CBCE3092DC /* SSHManager.swift */,
				76C875BE29D9ECC5ECEBCEC3 /* SubscriptionManager.swift */,
			);
			path = Services;
			sourceTree = "<group>";
		};
		4BAA6454198BA635BF121E15 /* Products */ = {
			isa = PBXGroup;
			children = (
				C4CD41535775A0408DD270A7 /* SmartSSH.app */,
				7FC07013A08CD577CDDEA223 /* SmartSSHUITests.xctest */,
			);
			name = Products;
			sourceTree = "<group>";
		};
		7AC517161CFE4926688292DE /* Utils */ = {
			isa = PBXGroup;
			children = (
				6EC8D88FAA8117FDC65DD423 /* QuickActions.swift */,
			);
			path = Utils;
			sourceTree = "<group>";
		};
		998865F026A64E96A9FBE970 /* Models */ = {
			isa = PBXGroup;
			children = (
				15358DBBB798C40D638C49C6 /* Host.swift */,
			);
			path = Models;
			sourceTree = "<group>";
		};
		C6BF868A7C5DDC1BD5A12B0A /* SmartSSH */ = {
			isa = PBXGroup;
			children = (
				4380E1DFB2DBBCE87D80A4F5 /* Assets.xcassets */,
				EE03D49CAE0F42A600354157 /* Info.plist */,
				BD628CF966BE60A9B6C3EE3C /* SmartSSH.entitlements */,
				581E166A916CCDB6351564D8 /* SmartSSH.xcdatamodeld */,
				A59D54CCC923C3743FC44314 /* SmartSSHApp.swift */,
				998865F026A64E96A9FBE970 /* Models */,
				3C03FBACB4ED64D251BC4E77 /* Services */,
				7AC517161CFE4926688292DE /* Utils */,
				013944B4CB6106100F850897 /* ViewModels */,
				2713A0CA44092831D5269171 /* Views */,
			);
			path = SmartSSH;
			sourceTree = "<group>";
		};
/* End PBXGroup section */

/* Begin PBXNativeTarget section */
		706FC7A042C83320F1084B68 /* SmartSSHUITests */ = {
			isa = PBXNativeTarget;
			buildConfigurationList = B80C69F4F8600489094283CD /* Build configuration list for PBXNativeTarget "SmartSSHUITests" */;
			buildPhases = (
				71F48E0172AE3AF80400DBAA /* Sources */,
			);
			buildRules = (
			);
			dependencies = (
				565141F771167757955A3F28 /* PBXTargetDependency */,
			);
			name = SmartSSHUITests;
			packageProductDependencies = (
			);
			productName = SmartSSHUITests;
			productReference = 7FC07013A08CD577CDDEA223 /* SmartSSHUITests.xctest */;
			productType = "com.apple.product-type.bundle.ui-testing";
		};
		737CD2AC016F1834B1939088 /* SmartSSH */ = {
			isa = PBXNativeTarget;
			buildConfigurationList = E3D381C7DBE00F751DAD641E /* Build configuration list for PBXNativeTarget "SmartSSH" */;
			buildPhases = (
				A1E29C80D23D13CB7B9809B7 /* Sources */,
				9D960105CC7826B241F38F98 /* Resources */,
			);
			buildRules = (
			);
			dependencies = (
			);
			name = SmartSSH;
			packageProductDependencies = (
			);
			productName = SmartSSH;
			productReference = C4CD41535775A0408DD270A7 /* SmartSSH.app */;
			productType = "com.apple.product-type.application";
		};
/* End PBXNativeTarget section */

/* Begin PBXProject section */
		1DD9AC2CE8BD1407067BAA4E /* Project object */ = {
			isa = PBXProject;
			attributes = {
				BuildIndependentTargetsInParallel = YES;
				LastUpgradeCheck = 1500;
				TargetAttributes = {
					706FC7A042C83320F1084B68 = {
						TestTargetID = 737CD2AC016F1834B1939088;
					};
					737CD2AC016F1834B1939088 = {
						DevelopmentTeam = "";
						ProvisioningStyle = Automatic;
					};
				};
			};
			buildConfigurationList = A9CD1EBFC7756CEC7601EB01 /* Build configuration list for PBXProject "SmartSSH" */;
			compatibilityVersion = "Xcode 14.0";
			developmentRegion = en;
			hasScannedForEncodings = 0;
			knownRegions = (
				Base,
				en,
			);
			mainGroup = 376503470C8EBD84655F6ED0;
			minimizedProjectReferenceProxies = 1;
			preferredProjectObjectVersion = 77;
			projectDirPath = "";
			projectRoot = "";
			targets = (
				737CD2AC016F1834B1939088 /* SmartSSH */,
				706FC7A042C83320F1084B68 /* SmartSSHUITests */,
			);
		};
/* End PBXProject section */

/* Begin PBXResourcesBuildPhase section */
		9D960105CC7826B241F38F98 /* Resources */ = {
			isa = PBXResourcesBuildPhase;
			buildActionMask = 2147483647;
			files = (
				5803786DB31E32FD3C42A636 /* Assets.xcassets in Resources */,
			);
			runOnlyForDeploymentPostprocessing = 0;
		};
/* End PBXResourcesBuildPhase section */

/* Begin PBXSourcesBuildPhase section */
		71F48E0172AE3AF80400DBAA /* Sources */ = {
			isa = PBXSourcesBuildPhase;
			buildActionMask = 2147483647;
			files = (
				85ECA688F2977DD74775F984 /* SmartSSHUITests.swift in Sources */,
			);
			runOnlyForDeploymentPostprocessing = 0;
		};
		A1E29C80D23D13CB7B9809B7 /* Sources */ = {
			isa = PBXSourcesBuildPhase;
			buildActionMask = 2147483647;
			files = (
				0EDE62539F3016B2584DD396 /* AIService.swift in Sources */,
				B2EAEC58AA1438EFD5DDBDC5 /* AddHostView.swift in Sources */,
				E641F4C52CD09E83EAD7D50D /* ContentView.swift in Sources */,
				FCC824B7C354D564085F043A /* DataController.swift in Sources */,
				08F6662DD115E5CE99D8A17B /* Host.swift in Sources */,
				913750A3F58DEF8916754D97 /* HostsView.swift in Sources */,
				DA691BCB2CCFCCA0E7997DC9 /* KeysView.swift in Sources */,
				5338B4A58AB3619CAB421E6F /* QuickActions.swift in Sources */,
				BD7968D68D105BB1893EE091 /* SFTPClient.swift in Sources */,
				5159CB75FB583358F1DE0476 /* SFTPView.swift in Sources */,
				F01DF106172BFAA161183FAB /* SSHClient.swift in Sources */,
				1718DDF3657C1AB8EDDC2FFE /* SSHManager.swift in Sources */,
				EDD0B37A49F9AD6606AD82F1 /* SettingsView.swift in Sources */,
				124ED5A2B66CF2EED5EFE04A /* SmartSSH.xcdatamodeld in Sources */,
				B085D50FFFE6038A078AF072 /* SmartSSHApp.swift in Sources */,
				04A5AD9ED95A6AD2623FA176 /* SnippetsView.swift in Sources */,
				0F42184394A4A5EE54150207 /* SubscriptionManager.swift in Sources */,
				A169DF63E7875EBA9C18981F /* SubscriptionView.swift in Sources */,
				B2291CA835A8EBDDC951D775 /* TerminalView.swift in Sources */,
			);
			runOnlyForDeploymentPostprocessing = 0;
		};
/* End PBXSourcesBuildPhase section */

/* Begin PBXTargetDependency section */
		565141F771167757955A3F28 /* PBXTargetDependency */ = {
			isa = PBXTargetDependency;
			target = 737CD2AC016F1834B1939088 /* SmartSSH */;
			targetProxy = 33E47A2C84BAF3F4ACD3121E /* PBXContainerItemProxy */;
		};
/* End PBXTargetDependency section */

/* Begin XCBuildConfiguration section */
		38805AD4BFBB4DFC659EE30D /* Debug */ = {
			isa = XCBuildConfiguration;
			buildSettings = {
				ASSETCATALOG_COMPILER_APPICON_NAME = AppIcon;
				ASSETCATALOG_COMPILER_GLOBAL_ACCENT_COLOR_NAME = AccentColor;
				CODE_SIGN_ENTITLEMENTS = SmartSSH/SmartSSH.entitlements;
				CODE_SIGN_IDENTITY = "iPhone Developer";
				CODE_SIGN_STYLE = Automatic;
				DEVELOPMENT_TEAM = "";
				INFOPLIST_FILE = SmartSSH/Info.plist;
				INFOPLIST_KEY_CFBundleDisplayName = SmartSSH;
				INFOPLIST_KEY_UIApplicationSceneManifest_Generation = YES;
				INFOPLIST_KEY_UIApplicationSupportsIndirectInputEvents = YES;
				INFOPLIST_KEY_UILaunchScreen_Generation = YES;
				INFOPLIST_KEY_UISupportedInterfaceOrientations_iPad = "UIInterfaceOrientationPortrait UIInterfaceOrientationPortraitUpsideDown UIInterfaceOrientationLandscapeLeft UIInterfaceOrientationLandscapeRight";
				INFOPLIST_KEY_UISupportedInterfaceOrientations_iPhone = "UIInterfaceOrientationPortrait UIInterfaceOrientationLandscapeLeft UIInterfaceOrientationLandscapeRight";
				LD_RUNPATH_SEARCH_PATHS = (
					"$(inherited)",
					"@executable_path/Frameworks",
				);
				PRODUCT_BUNDLE_IDENTIFIER = com.smartssh.app;
				SDKROOT = iphoneos;
				TARGETED_DEVICE_FAMILY = "1,2";
			};
			name = Debug;
		};
		58AC6FB7B61BC988E05EBA60 /* Release */ = {
			isa = XCBuildConfiguration;
			buildSettings = {
				BUNDLE_LOADER = "$(TEST_HOST)";
				GENERATE_INFOPLIST_FILE = YES;
				LD_RUNPATH_SEARCH_PATHS = (
					"$(inherited)",
					"@executable_path/Frameworks",
					"@loader_path/Frameworks",
				);
				PRODUCT_BUNDLE_IDENTIFIER = com.smartssh.app.uitests;
				PRODUCT_MODULE_NAME = SmartSSHUITests;
				SDKROOT = iphoneos;
				TARGETED_DEVICE_FAMILY = "1,2";
				TEST_TARGET_NAME = SmartSSH;
			};
			name = Release;
		};
		6D2110D7F0C97309D12BBBD9 /* Debug */ = {
			isa = XCBuildConfiguration;
			buildSettings = {
				ALWAYS_SEARCH_USER_PATHS = NO;
				CLANG_ANALYZER_NONNULL = YES;
				CLANG_ANALYZER_NUMBER_OBJECT_CONVERSION = YES_AGGRESSIVE;
				CLANG_CXX_LANGUAGE_STANDARD = "gnu++14";
				CLANG_CXX_LIBRARY = "libc++";
				CLANG_ENABLE_MODULES = YES;
				CLANG_ENABLE_OBJC_ARC = YES;
				CLANG_ENABLE_OBJC_WEAK = YES;
				CLANG_WARN_BLOCK_CAPTURE_AUTORELEASING = YES;
				CLANG_WARN_BOOL_CONVERSION = YES;
				CLANG_WARN_COMMA = YES;
				CLANG_WARN_CONSTANT_CONVERSION = YES;
				CLANG_WARN_DEPRECATED_OBJC_IMPLEMENTATIONS = YES;
				CLANG_WARN_DIRECT_OBJC_ISA_USAGE = YES_ERROR;
				CLANG_WARN_DOCUMENTATION_COMMENTS = YES;
				CLANG_WARN_EMPTY_BODY = YES;
				CLANG_WARN_ENUM_CONVERSION = YES;
				CLANG_WARN_INFINITE_RECURSION = YES;
				CLANG_WARN_INT_CONVERSION = YES;
				CLANG_WARN_NON_LITERAL_NULL_CONVERSION = YES;
				CLANG_WARN_OBJC_IMPLICIT_RETAIN_SELF = YES;
				CLANG_WARN_OBJC_LITERAL_CONVERSION = YES;
				CLANG_WARN_OBJC_ROOT_CLASS = YES_ERROR;
				CLANG_WARN_QUOTED_INCLUDE_IN_FRAMEWORK_HEADER = YES;
				CLANG_WARN_RANGE_LOOP_ANALYSIS = YES;
				CLANG_WARN_STRICT_PROTOTYPES = YES;
				CLANG_WARN_SUSPICIOUS_MOVE = YES;
				CLANG_WARN_UNGUARDED_AVAILABILITY = YES_AGGRESSIVE;
				CLANG_WARN_UNREACHABLE_CODE = YES;
				CLANG_WARN__DUPLICATE_METHOD_MATCH = YES;
				COPY_PHASE_STRIP = NO;
				CURRENT_PROJECT_VERSION = 1;
				DEBUG_INFORMATION_FORMAT = dwarf;
				ENABLE_PREVIEWS = YES;
				ENABLE_STRICT_OBJC_MSGSEND = YES;
				ENABLE_TESTABILITY = YES;
				GCC_C_LANGUAGE_STANDARD = gnu11;
				GCC_DYNAMIC_NO_PIC = NO;
				GCC_NO_COMMON_BLOCKS = YES;
				GCC_OPTIMIZATION_LEVEL = 0;
				GCC_PREPROCESSOR_DEFINITIONS = (
					"$(inherited)",
					"DEBUG=1",
				);
				GCC_WARN_64_TO_32_BIT_CONVERSION = YES;
				GCC_WARN_ABOUT_RETURN_TYPE = YES_ERROR;
				GCC_WARN_UNDECLARED_SELECTOR = YES;
				GCC_WARN_UNINITIALIZED_AUTOS = YES_AGGRESSIVE;
				GCC_WARN_UNUSED_FUNCTION = YES;
				GCC_WARN_UNUSED_VARIABLE = YES;
				IPHONEOS_DEPLOYMENT_TARGET = 17.0;
				MARKETING_VERSION = 1.0.0;
				MTL_ENABLE_DEBUG_INFO = INCLUDE_SOURCE;
				MTL_FAST_MATH = YES;
				ONLY_ACTIVE_ARCH = YES;
				PRODUCT_NAME = SmartSSH;
				SDKROOT = iphoneos;
				SWIFT_ACTIVE_COMPILATION_CONDITIONS = DEBUG;
				SWIFT_OPTIMIZATION_LEVEL = "-Onone";
				SWIFT_VERSION = 5.0;
				TARGETED_DEVICE_FAMILY = "1,2";
			};
			name = Debug;
		};
		7A9D2BD595BB1F96873AB854 /* Release */ = {
			isa = XCBuildConfiguration;
			buildSettings = {
				ASSETCATALOG_COMPILER_APPICON_NAME = AppIcon;
				ASSETCATALOG_COMPILER_GLOBAL_ACCENT_COLOR_NAME = AccentColor;
				CODE_SIGN_ENTITLEMENTS = SmartSSH/SmartSSH.entitlements;
				CODE_SIGN_IDENTITY = "iPhone Developer";
				CODE_SIGN_STYLE = Automatic;
				DEVELOPMENT_TEAM = "";
				INFOPLIST_FILE = SmartSSH/Info.plist;
				INFOPLIST_KEY_CFBundleDisplayName = SmartSSH;
				INFOPLIST_KEY_UIApplicationSceneManifest_Generation = YES;
				INFOPLIST_KEY_UIApplicationSupportsIndirectInputEvents = YES;
				INFOPLIST_KEY_UILaunchScreen_Generation = YES;
				INFOPLIST_KEY_UISupportedInterfaceOrientations_iPad = "UIInterfaceOrientationPortrait UIInterfaceOrientationPortraitUpsideDown UIInterfaceOrientationLandscapeLeft UIInterfaceOrientationLandscapeRight";
				INFOPLIST_KEY_UISupportedInterfaceOrientations_iPhone = "UIInterfaceOrientationPortrait UIInterfaceOrientationLandscapeLeft UIInterfaceOrientationLandscapeRight";
				LD_RUNPATH_SEARCH_PATHS = (
					"$(inherited)",
					"@executable_path/Frameworks",
				);
				PRODUCT_BUNDLE_IDENTIFIER = com.smartssh.app;
				SDKROOT = iphoneos;
				TARGETED_DEVICE_FAMILY = "1,2";
			};
			name = Release;
		};
		CBCFFF30626AC9BFEEFF9743 /* Debug */ = {
			isa = XCBuildConfiguration;
			buildSettings = {
				BUNDLE_LOADER = "$(TEST_HOST)";
				GENERATE_INFOPLIST_FILE = YES;
				LD_RUNPATH_SEARCH_PATHS = (
					"$(inherited)",
					"@executable_path/Frameworks",
					"@loader_path/Frameworks",
				);
				PRODUCT_BUNDLE_IDENTIFIER = com.smartssh.app.uitests;
				PRODUCT_MODULE_NAME = SmartSSHUITests;
				SDKROOT = iphoneos;
				TARGETED_DEVICE_FAMILY = "1,2";
				TEST_TARGET_NAME = SmartSSH;
			};
			name = Debug;
		};
		E4912EE48819F9FEE46391AA /* Release */ = {
			isa = XCBuildConfiguration;
			buildSettings = {
				ALWAYS_SEARCH_USER_PATHS = NO;
				CLANG_ANALYZER_NONNULL = YES;
				CLANG_ANALYZER_NUMBER_OBJECT_CONVERSION = YES_AGGRESSIVE;
				CLANG_CXX_LANGUAGE_STANDARD = "gnu++14";
				CLANG_CXX_LIBRARY = "libc++";
				CLANG_ENABLE_MODULES = YES;
				CLANG_ENABLE_OBJC_ARC = YES;
				CLANG_ENABLE_OBJC_WEAK = YES;
				CLANG_WARN_BLOCK_CAPTURE_AUTORELEASING = YES;
				CLANG_WARN_BOOL_CONVERSION = YES;
				CLANG_WARN_COMMA = YES;
				CLANG_WARN_CONSTANT_CONVERSION = YES;
				CLANG_WARN_DEPRECATED_OBJC_IMPLEMENTATIONS = YES;
				CLANG_WARN_DIRECT_OBJC_ISA_USAGE = YES_ERROR;
				CLANG_WARN_DOCUMENTATION_COMMENTS = YES;
				CLANG_WARN_EMPTY_BODY = YES;
				CLANG_WARN_ENUM_CONVERSION = YES;
				CLANG_WARN_INFINITE_RECURSION = YES;
				CLANG_WARN_INT_CONVERSION = YES;
				CLANG_WARN_NON_LITERAL_NULL_CONVERSION = YES;
				CLANG_WARN_OBJC_IMPLICIT_RETAIN_SELF = YES;
				CLANG_WARN_OBJC_LITERAL_CONVERSION = YES;
				CLANG_WARN_OBJC_ROOT_CLASS = YES_ERROR;
				CLANG_WARN_QUOTED_INCLUDE_IN_FRAMEWORK_HEADER = YES;
				CLANG_WARN_RANGE_LOOP_ANALYSIS = YES;
				CLANG_WARN_STRICT_PROTOTYPES = YES;
				CLANG_WARN_SUSPICIOUS_MOVE = YES;
				CLANG_WARN_UNGUARDED_AVAILABILITY = YES_AGGRESSIVE;
				CLANG_WARN_UNREACHABLE_CODE = YES;
				CLANG_WARN__DUPLICATE_METHOD_MATCH = YES;
				COPY_PHASE_STRIP = NO;
				CURRENT_PROJECT_VERSION = 1;
				DEBUG_INFORMATION_FORMAT = "dwarf-with-dsym";
				ENABLE_NS_ASSERTIONS = NO;
				ENABLE_PREVIEWS = YES;
				ENABLE_STRICT_OBJC_MSGSEND = YES;
				GCC_C_LANGUAGE_STANDARD = gnu11;
				GCC_NO_COMMON_BLOCKS = YES;
				GCC_WARN_64_TO_32_BIT_CONVERSION = YES;
				GCC_WARN_ABOUT_RETURN_TYPE = YES_ERROR;
				GCC_WARN_UNDECLARED_SELECTOR = YES;
				GCC_WARN_UNINITIALIZED_AUTOS = YES_AGGRESSIVE;
				GCC_WARN_UNUSED_FUNCTION = YES;
				GCC_WARN_UNUSED_VARIABLE = YES;
				IPHONEOS_DEPLOYMENT_TARGET = 17.0;
				MARKETING_VERSION = 1.0.0;
				MTL_ENABLE_DEBUG_INFO = NO;
				MTL_FAST_MATH = YES;
				PRODUCT_NAME = SmartSSH;
				SDKROOT = iphoneos;
				SWIFT_COMPILATION_MODE = wholemodule;
				SWIFT_OPTIMIZATION_LEVEL = "-O";
				SWIFT_VERSION = 5.0;
				TARGETED_DEVICE_FAMILY = "1,2";
			};
			name = Release;
		};
/* End XCBuildConfiguration section */

/* Begin XCConfigurationList section */
		A9CD1EBFC7756CEC7601EB01 /* Build configuration list for PBXProject "SmartSSH" */ = {
			isa = XCConfigurationList;
			buildConfigurations = (
				6D2110D7F0C97309D12BBBD9 /* Debug */,
				E4912EE48819F9FEE46391AA /* Release */,
			);
			defaultConfigurationIsVisible = 0;
			defaultConfigurationName = Debug;
		};
		B80C69F4F8600489094283CD /* Build configuration list for PBXNativeTarget "SmartSSHUITests" */ = {
			isa = XCConfigurationList;
			buildConfigurations = (
				CBCFFF30626AC9BFEEFF9743 /* Debug */,
				58AC6FB7B61BC988E05EBA60 /* Release */,
			);
			defaultConfigurationIsVisible = 0;
			defaultConfigurationName = Debug;
		};
		E3D381C7DBE00F751DAD641E /* Build configuration list for PBXNativeTarget "SmartSSH" */ = {
			isa = XCConfigurationList;
			buildConfigurations = (
				38805AD4BFBB4DFC659EE30D /* Debug */,
				7A9D2BD595BB1F96873AB854 /* Release */,
			);
			defaultConfigurationIsVisible = 0;
			defaultConfigurationName = Debug;
		};
/* End XCConfigurationList section */

/* Begin XCVersionGroup section */
		581E166A916CCDB6351564D8 /* SmartSSH.xcdatamodeld */ = {
			isa = XCVersionGroup;
			children = (
				335839EE383DB337482E8C13 /* SmartSSH.xcdatamodel */,
			);
			currentVersion = 335839EE383DB337482E8C13 /* SmartSSH.xcdatamodel */;
			path = SmartSSH.xcdatamodeld;
			sourceTree = "<group>";
			versionGroupType = wrapper.xcdatamodel;
		};
/* End XCVersionGroup section */
	};
	rootObject = 1DD9AC2CE8BD1407067BAA4E /* Project object */;
}
